
Microsoft Visual Studio Solution File, Format Version 12.00
# Visual Studio Version 17
VisualStudioVersion = 17.3.32825.248
MinimumVisualStudioVersion = 10.0.40219.1
Project("{FAE04EC0-301F-11D3-BF4B-00C04F79EFBC}") = "HealthyFood_Shop", "HealthyFood_Shop.csproj", "{B7FD03E4-3C96-4668-8D73-F56B60434571}"
EndProject
Global
	GlobalSection(SolutionConfigurationPlatforms) = preSolution
		Debug|Any CPU = Debug|Any CPU
		Release|Any CPU = Release|Any CPU
	EndGlobalSection
	GlobalSection(ProjectConfigurationPlatforms) = postSolution
		{B7FD03E4-3C96-4668-8D73-F56B60434571}.Debug|Any CPU.ActiveCfg = Debug|Any CPU
		{B7FD03E4-3C96-4668-8D73-F56B60434571}.Debug|Any CPU.Build.0 = Debug|Any CPU
		{B7FD03E4-3C96-4668-8D73-F56B60434571}.Release|Any CPU.ActiveCfg = Release|Any CPU
		{B7FD03E4-3C96-4668-8D73-F56B60434571}.Release|Any CPU.Build.0 = Release|Any CPU
	EndGlobalSection
	GlobalSection(SolutionProperties) = preSolution
		HideSolutionNode = FALSE
	EndGlobalSection
	GlobalSection(ExtensibilityGlobals) = postSolution
		SolutionGuid = {67BA00CF-F688-4FFD-B685-0A6058D24286}
	EndGlobalSection
EndGlobal
